
Microsoft Visual Studio Solution File, Format Version 12.00
# Visual Studio Version 17
VisualStudioVersion = 17.4.33205.214
MinimumVisualStudioVersion = 10.0.40219.1
Project("{9A19103F-16F7-4668-BE54-9A1E7A4F7556}") = "TicketingDomainSystem", "TicketingDomainSystem\TicketingDomainSystem.csproj", "{DE93D8C6-FFB5-4B46-AACC-57475B290F3D}"
EndProject
Project("{FAE04EC0-301F-11D3-BF4B-00C04F79EFBC}") = "TicketingSystem.DAL", "TicketingSystem.DAL\TicketingSystem.DAL.csproj", "{ACE0183B-4A6C-4570-A89B-989A251D0D98}"
EndProject
Global
	GlobalSection(SolutionConfigurationPlatforms) = preSolution
		Debug|Any CPU = Debug|Any CPU
		Release|Any CPU = Release|Any CPU
	EndGlobalSection
	GlobalSection(ProjectConfigurationPlatforms) = postSolution
		{DE93D8C6-FFB5-4B46-AACC-57475B290F3D}.Debug|Any CPU.ActiveCfg = Debug|Any CPU
		{DE93D8C6-FFB5-4B46-AACC-57475B290F3D}.Debug|Any CPU.Build.0 = Debug|Any CPU
		{DE93D8C6-FFB5-4B46-AACC-57475B290F3D}.Release|Any CPU.ActiveCfg = Release|Any CPU
		{DE93D8C6-FFB5-4B46-AACC-57475B290F3D}.Release|Any CPU.Build.0 = Release|Any CPU
		{ACE0183B-4A6C-4570-A89B-989A251D0D98}.Debug|Any CPU.ActiveCfg = Debug|Any CPU
		{ACE0183B-4A6C-4570-A89B-989A251D0D98}.Debug|Any CPU.Build.0 = Debug|Any CPU
		{ACE0183B-4A6C-4570-A89B-989A251D0D98}.Release|Any CPU.ActiveCfg = Release|Any CPU
		{ACE0183B-4A6C-4570-A89B-989A251D0D98}.Release|Any CPU.Build.0 = Release|Any CPU
	EndGlobalSection
	GlobalSection(SolutionProperties) = preSolution
		HideSolutionNode = FALSE
	EndGlobalSection
	GlobalSection(ExtensibilityGlobals) = postSolution
		SolutionGuid = {A983A89F-3F11-446E-9181-0CBBA748482B}
	EndGlobalSection
EndGlobal
